
Microsoft Visual Studio Solution File, Format Version 12.00
# Visual Studio Version 16
VisualStudioVersion = 16.0.30114.105
MinimumVisualStudioVersion = 10.0.40219.1
Project("{2150E333-8FDC-42A3-9474-1A3956D46DE8}") = "Common", "Common", "{5C0F6847-9A19-40FC-8991-1F02B71951EC}"
EndProject
Project("{2150E333-8FDC-42A3-9474-1A3956D46DE8}") = "Services", "Services", "{8D53D5ED-6FF6-48EE-A6D9-693771899544}"
EndProject
Project("{2150E333-8FDC-42A3-9474-1A3956D46DE8}") = "UI", "UI", "{9CD468C5-1BEB-4619-A39F-07438294A76E}"
EndProject
Project("{9A19103F-16F7-4668-BE54-9A1E7A4F7556}") = "WebStore.Domain", "Common\WebStore.Domain\WebStore.Domain.csproj", "{64B642BA-0A79-40DC-BADB-CE5FBD420CDB}"
EndProject
Project("{9A19103F-16F7-4668-BE54-9A1E7A4F7556}") = "WebStore.DAL", "Services\WebStore.DAL\WebStore.DAL.csproj", "{C56C46B5-39AB-46F0-931E-21109D167487}"
EndProject
Project("{9A19103F-16F7-4668-BE54-9A1E7A4F7556}") = "WebStore", "UI\WebStore\WebStore.csproj", "{6C9EE9A3-FD2D-4BA5-8D48-C782D31E511D}"
EndProject
Project("{9A19103F-16F7-4668-BE54-9A1E7A4F7556}") = "WebStore.Interfaces", "Services\WebStore.Interfaces\WebStore.Interfaces.csproj", "{671A99AD-683F-4CE4-A5D7-2C8796FD03E3}"
EndProject
Project("{9A19103F-16F7-4668-BE54-9A1E7A4F7556}") = "WebStore.Services", "Services\WebStore.Services\WebStore.Services.csproj", "{602AAE2C-76DE-48A0-A39E-331DE4740788}"
EndProject
Project("{9A19103F-16F7-4668-BE54-9A1E7A4F7556}") = "WebStore.ServiceHosting", "Services\WebStore.ServiceHosting\WebStore.ServiceHosting.csproj", "{0CDDD87E-67F7-491A-ADEB-3E6A09576F06}"
EndProject
Project("{9A19103F-16F7-4668-BE54-9A1E7A4F7556}") = "WebStore.Clients", "Services\WebStore.Clients\WebStore.Clients.csproj", "{6D677BB0-1D6D-485E-BB5A-962AEF9D9F69}"
EndProject
Project("{9A19103F-16F7-4668-BE54-9A1E7A4F7556}") = "WebStore.Logger", "WebStore.Logger\WebStore.Logger.csproj", "{135FB3E7-512B-4C8E-8A41-F150234436B8}"
EndProject
Project("{2150E333-8FDC-42A3-9474-1A3956D46DE8}") = "Tests", "Tests", "{CC16007C-D7AC-40D6-8FED-123AE0DDCEBE}"
EndProject
Project("{FAE04EC0-301F-11D3-BF4B-00C04F79EFBC}") = "WebStore.Tests", "Tests\WebStore.Tests\WebStore.Tests.csproj", "{CD860266-04E3-4E33-9351-1453EBB61B38}"
EndProject
Global
	GlobalSection(SolutionConfigurationPlatforms) = preSolution
		Debug|Any CPU = Debug|Any CPU
		Release|Any CPU = Release|Any CPU
	EndGlobalSection
	GlobalSection(ProjectConfigurationPlatforms) = postSolution
		{64B642BA-0A79-40DC-BADB-CE5FBD420CDB}.Debug|Any CPU.ActiveCfg = Debug|Any CPU
		{64B642BA-0A79-40DC-BADB-CE5FBD420CDB}.Debug|Any CPU.Build.0 = Debug|Any CPU
		{64B642BA-0A79-40DC-BADB-CE5FBD420CDB}.Release|Any CPU.ActiveCfg = Release|Any CPU
		{64B642BA-0A79-40DC-BADB-CE5FBD420CDB}.Release|Any CPU.Build.0 = Release|Any CPU
		{C56C46B5-39AB-46F0-931E-21109D167487}.Debug|Any CPU.ActiveCfg = Debug|Any CPU
		{C56C46B5-39AB-46F0-931E-21109D167487}.Debug|Any CPU.Build.0 = Debug|Any CPU
		{C56C46B5-39AB-46F0-931E-21109D167487}.Release|Any CPU.ActiveCfg = Release|Any CPU
		{C56C46B5-39AB-46F0-931E-21109D167487}.Release|Any CPU.Build.0 = Release|Any CPU
		{6C9EE9A3-FD2D-4BA5-8D48-C782D31E511D}.Debug|Any CPU.ActiveCfg = Debug|Any CPU
		{6C9EE9A3-FD2D-4BA5-8D48-C782D31E511D}.Debug|Any CPU.Build.0 = Debug|Any CPU
		{6C9EE9A3-FD2D-4BA5-8D48-C782D31E511D}.Release|Any CPU.ActiveCfg = Release|Any CPU
		{6C9EE9A3-FD2D-4BA5-8D48-C782D31E511D}.Release|Any CPU.Build.0 = Release|Any CPU
		{671A99AD-683F-4CE4-A5D7-2C8796FD03E3}.Debug|Any CPU.ActiveCfg = Debug|Any CPU
		{671A99AD-683F-4CE4-A5D7-2C8796FD03E3}.Debug|Any CPU.Build.0 = Debug|Any CPU
		{671A99AD-683F-4CE4-A5D7-2C8796FD03E3}.Release|Any CPU.ActiveCfg = Release|Any CPU
		{671A99AD-683F-4CE4-A5D7-2C8796FD03E3}.Release|Any CPU.Build.0 = Release|Any CPU
		{602AAE2C-76DE-48A0-A39E-331DE4740788}.Debug|Any CPU.ActiveCfg = Debug|Any CPU
		{602AAE2C-76DE-48A0-A39E-331DE4740788}.Debug|Any CPU.Build.0 = Debug|Any CPU
		{602AAE2C-76DE-48A0-A39E-331DE4740788}.Release|Any CPU.ActiveCfg = Release|Any CPU
		{602AAE2C-76DE-48A0-A39E-331DE4740788}.Release|Any CPU.Build.0 = Release|Any CPU
		{0CDDD87E-67F7-491A-ADEB-3E6A09576F06}.Debug|Any CPU.ActiveCfg = Debug|Any CPU
		{0CDDD87E-67F7-491A-ADEB-3E6A09576F06}.Debug|Any CPU.Build.0 = Debug|Any CPU
		{0CDDD87E-67F7-491A-ADEB-3E6A09576F06}.Release|Any CPU.ActiveCfg = Release|Any CPU
		{0CDDD87E-67F7-491A-ADEB-3E6A09576F06}.Release|Any CPU.Build.0 = Release|Any CPU
		{6D677BB0-1D6D-485E-BB5A-962AEF9D9F69}.Debug|Any CPU.ActiveCfg = Debug|Any CPU
		{6D677BB0-1D6D-485E-BB5A-962AEF9D9F69}.Debug|Any CPU.Build.0 = Debug|Any CPU
		{6D677BB0-1D6D-485E-BB5A-962AEF9D9F69}.Release|Any CPU.ActiveCfg = Release|Any CPU
		{6D677BB0-1D6D-485E-BB5A-962AEF9D9F69}.Release|Any CPU.Build.0 = Release|Any CPU
		{135FB3E7-512B-4C8E-8A41-F150234436B8}.Debug|Any CPU.ActiveCfg = Debug|Any CPU
		{135FB3E7-512B-4C8E-8A41-F150234436B8}.Debug|Any CPU.Build.0 = Debug|Any CPU
		{135FB3E7-512B-4C8E-8A41-F150234436B8}.Release|Any CPU.ActiveCfg = Release|Any CPU
		{135FB3E7-512B-4C8E-8A41-F150234436B8}.Release|Any CPU.Build.0 = Release|Any CPU
		{CD860266-04E3-4E33-9351-1453EBB61B38}.Debug|Any CPU.ActiveCfg = Debug|Any CPU
		{CD860266-04E3-4E33-9351-1453EBB61B38}.Debug|Any CPU.Build.0 = Debug|Any CPU
		{CD860266-04E3-4E33-9351-1453EBB61B38}.Release|Any CPU.ActiveCfg = Release|Any CPU
		{CD860266-04E3-4E33-9351-1453EBB61B38}.Release|Any CPU.Build.0 = Release|Any CPU
	EndGlobalSection
	GlobalSection(SolutionProperties) = preSolution
		HideSolutionNode = FALSE
	EndGlobalSection
	GlobalSection(NestedProjects) = preSolution
		{64B642BA-0A79-40DC-BADB-CE5FBD420CDB} = {5C0F6847-9A19-40FC-8991-1F02B71951EC}
		{C56C46B5-39AB-46F0-931E-21109D167487} = {8D53D5ED-6FF6-48EE-A6D9-693771899544}
		{6C9EE9A3-FD2D-4BA5-8D48-C782D31E511D} = {9CD468C5-1BEB-4619-A39F-07438294A76E}
		{671A99AD-683F-4CE4-A5D7-2C8796FD03E3} = {8D53D5ED-6FF6-48EE-A6D9-693771899544}
		{602AAE2C-76DE-48A0-A39E-331DE4740788} = {8D53D5ED-6FF6-48EE-A6D9-693771899544}
		{0CDDD87E-67F7-491A-ADEB-3E6A09576F06} = {8D53D5ED-6FF6-48EE-A6D9-693771899544}
		{6D677BB0-1D6D-485E-BB5A-962AEF9D9F69} = {8D53D5ED-6FF6-48EE-A6D9-693771899544}
		{135FB3E7-512B-4C8E-8A41-F150234436B8} = {5C0F6847-9A19-40FC-8991-1F02B71951EC}
		{CD860266-04E3-4E33-9351-1453EBB61B38} = {CC16007C-D7AC-40D6-8FED-123AE0DDCEBE}
	EndGlobalSection
	GlobalSection(ExtensibilityGlobals) = postSolution
		SolutionGuid = {509028D3-E23C-4AF8-929F-ABB79516070D}
	EndGlobalSection
EndGlobal
