
Microsoft Visual Studio Solution File, Format Version 12.00
# Visual Studio Version 16
VisualStudioVersion = 16.0.30114.105
MinimumVisualStudioVersion = 10.0.40219.1
Project("{9A19103F-16F7-4668-BE54-9A1E7A4F7556}") = "WebStore", "WebStore\WebStore.csproj", "{382D96E8-81F7-4773-857D-417F987B4801}"
EndProject
Project("{9A19103F-16F7-4668-BE54-9A1E7A4F7556}") = "WebStore.Domain", "WebStore.Domain\WebStore.Domain.csproj", "{79CB7396-ABF7-4056-85EC-F3E0A609CD0F}"
EndProject
Project("{FAE04EC0-301F-11D3-BF4B-00C04F79EFBC}") = "WebStore.DAL", "WebStore.DAL\WebStore.DAL.csproj", "{C9700261-0FC5-4C1F-994E-D3E1B4054BD1}"
EndProject
Global
	GlobalSection(SolutionConfigurationPlatforms) = preSolution
		Debug|Any CPU = Debug|Any CPU
		Release|Any CPU = Release|Any CPU
	EndGlobalSection
	GlobalSection(ProjectConfigurationPlatforms) = postSolution
		{382D96E8-81F7-4773-857D-417F987B4801}.Debug|Any CPU.ActiveCfg = Debug|Any CPU
		{382D96E8-81F7-4773-857D-417F987B4801}.Debug|Any CPU.Build.0 = Debug|Any CPU
		{382D96E8-81F7-4773-857D-417F987B4801}.Release|Any CPU.ActiveCfg = Release|Any CPU
		{382D96E8-81F7-4773-857D-417F987B4801}.Release|Any CPU.Build.0 = Release|Any CPU
		{79CB7396-ABF7-4056-85EC-F3E0A609CD0F}.Debug|Any CPU.ActiveCfg = Debug|Any CPU
		{79CB7396-ABF7-4056-85EC-F3E0A609CD0F}.Debug|Any CPU.Build.0 = Debug|Any CPU
		{79CB7396-ABF7-4056-85EC-F3E0A609CD0F}.Release|Any CPU.ActiveCfg = Release|Any CPU
		{79CB7396-ABF7-4056-85EC-F3E0A609CD0F}.Release|Any CPU.Build.0 = Release|Any CPU
		{C9700261-0FC5-4C1F-994E-D3E1B4054BD1}.Debug|Any CPU.ActiveCfg = Debug|Any CPU
		{C9700261-0FC5-4C1F-994E-D3E1B4054BD1}.Debug|Any CPU.Build.0 = Debug|Any CPU
		{C9700261-0FC5-4C1F-994E-D3E1B4054BD1}.Release|Any CPU.ActiveCfg = Release|Any CPU
		{C9700261-0FC5-4C1F-994E-D3E1B4054BD1}.Release|Any CPU.Build.0 = Release|Any CPU
	EndGlobalSection
	GlobalSection(SolutionProperties) = preSolution
		HideSolutionNode = FALSE
	EndGlobalSection
	GlobalSection(ExtensibilityGlobals) = postSolution
		SolutionGuid = {509028D3-E23C-4AF8-929F-ABB79516070D}
	EndGlobalSection
EndGlobal
